
Microsoft Visual Studio Solution File, Format Version 12.00
# Visual Studio Version 16
VisualStudioVersion = 16.0.30517.126
MinimumVisualStudioVersion = 10.0.40219.1
Project("{FAE04EC0-301F-11D3-BF4B-00C04F79EFBC}") = "Dallas", "Dallas.csproj", "{A52E6C23-68C5-49D6-AC4D-47EA628705FF}"
EndProject
Global
	GlobalSection(SolutionConfigurationPlatforms) = preSolution
		Debug|Any CPU = Debug|Any CPU
		Release|Any CPU = Release|Any CPU
	EndGlobalSection
	GlobalSection(ProjectConfigurationPlatforms) = postSolution
		{A52E6C23-68C5-49D6-AC4D-47EA628705FF}.Debug|Any CPU.ActiveCfg = Debug|Any CPU
		{A52E6C23-68C5-49D6-AC4D-47EA628705FF}.Debug|Any CPU.Build.0 = Debug|Any CPU
		{A52E6C23-68C5-49D6-AC4D-47EA628705FF}.Release|Any CPU.ActiveCfg = Release|Any CPU
		{A52E6C23-68C5-49D6-AC4D-47EA628705FF}.Release|Any CPU.Build.0 = Release|Any CPU
	EndGlobalSection
	GlobalSection(SolutionProperties) = preSolution
		HideSolutionNode = FALSE
	EndGlobalSection
	GlobalSection(ExtensibilityGlobals) = postSolution
		SolutionGuid = {C890FF84-E491-4626-A08A-C8F963847063}
	EndGlobalSection
EndGlobal
